
Microsoft Visual Studio Solution File, Format Version 12.00
# Visual Studio 15
VisualStudioVersion = 15.0.26730.16
MinimumVisualStudioVersion = 10.0.40219.1
Project("{8BC9CEB8-8B4A-11D0-8D11-00A0C91BC942}") = "2.27", "2.27\2.27.vcxproj", "{AF3C9113-CF1F-496F-8DEB-08E2EED3442B}"
EndProject
Global
	GlobalSection(SolutionConfigurationPlatforms) = preSolution
		Debug|x64 = Debug|x64
		Debug|x86 = Debug|x86
		Release|x64 = Release|x64
		Release|x86 = Release|x86
	EndGlobalSection
	GlobalSection(ProjectConfigurationPlatforms) = postSolution
		{AF3C9113-CF1F-496F-8DEB-08E2EED3442B}.Debug|x64.ActiveCfg = Debug|x64
		{AF3C9113-CF1F-496F-8DEB-08E2EED3442B}.Debug|x64.Build.0 = Debug|x64
		{AF3C9113-CF1F-496F-8DEB-08E2EED3442B}.Debug|x86.ActiveCfg = Debug|Win32
		{AF3C9113-CF1F-496F-8DEB-08E2EED3442B}.Debug|x86.Build.0 = Debug|Win32
		{AF3C9113-CF1F-496F-8DEB-08E2EED3442B}.Release|x64.ActiveCfg = Release|x64
		{AF3C9113-CF1F-496F-8DEB-08E2EED3442B}.Release|x64.Build.0 = Release|x64
		{AF3C9113-CF1F-496F-8DEB-08E2EED3442B}.Release|x86.ActiveCfg = Release|Win32
		{AF3C9113-CF1F-496F-8DEB-08E2EED3442B}.Release|x86.Build.0 = Release|Win32
	EndGlobalSection
	GlobalSection(SolutionProperties) = preSolution
		HideSolutionNode = FALSE
	EndGlobalSection
	GlobalSection(ExtensibilityGlobals) = postSolution
		SolutionGuid = {55C8926F-9F3E-4654-A60B-6DCCDBBD5729}
	EndGlobalSection
EndGlobal
